// !$*UTF8*$!
{
	archiveVersion = 1;
	classes = {
	};
	objectVersion = 46;
	objects = {

/* Begin PBXBuildFile section */
		34C637D71C7FED8900F23A39 /* AppDelegate.swift in Sources */ = {isa = PBXBuildFile; fileRef = 34C637D61C7FED8900F23A39 /* AppDelegate.swift */; };
		34C637D91C7FED8900F23A39 /* MasterViewController.swift in Sources */ = {isa = PBXBuildFile; fileRef = 34C637D81C7FED8900F23A39 /* MasterViewController.swift */; };
		34C637DB1C7FED8900F23A39 /* DetailViewController.swift in Sources */ = {isa = PBXBuildFile; fileRef = 34C637DA1C7FED8900F23A39 /* DetailViewController.swift */; };
		34C637DE1C7FED8900F23A39 /* Main.storyboard in Resources */ = {isa = PBXBuildFile; fileRef = 34C637DC1C7FED8900F23A39 /* Main.storyboard */; };
		34C637E01C7FED8900F23A39 /* Assets.xcassets in Resources */ = {isa = PBXBuildFile; fileRef = 34C637DF1C7FED8900F23A39 /* Assets.xcassets */; };
		34C637E31C7FED8900F23A39 /* LaunchScreen.storyboard in Resources */ = {isa = PBXBuildFile; fileRef = 34C637E11C7FED8900F23A39 /* LaunchScreen.storyboard */; };
		34C637EE1C7FED8A00F23A39 /* MyWeatherTests.swift in Sources */ = {isa = PBXBuildFile; fileRef = 34C637ED1C7FED8A00F23A39 /* MyWeatherTests.swift */; };
		34C637F91C7FED8A00F23A39 /* MyWeatherUITests.swift in Sources */ = {isa = PBXBuildFile; fileRef = 34C637F81C7FED8A00F23A39 /* MyWeatherUITests.swift */; };
		34C638071C7FF0D900F23A39 /* SwiftyJSON.framework in Frameworks */ = {isa = PBXBuildFile; fileRef = 34C638061C7FF0D900F23A39 /* SwiftyJSON.framework */; };
		34C638081C7FF0D900F23A39 /* SwiftyJSON.framework in Embed Frameworks */ = {isa = PBXBuildFile; fileRef = 34C638061C7FF0D900F23A39 /* SwiftyJSON.framework */; settings = {ATTRIBUTES = (CodeSignOnCopy, RemoveHeadersOnCopy, ); }; };
		34C6380B1C7FF0F700F23A39 /* Alamofire.framework in Frameworks */ = {isa = PBXBuildFile; fileRef = 34C6380A1C7FF0F700F23A39 /* Alamofire.framework */; };
		34C6380C1C7FF0F700F23A39 /* Alamofire.framework in Embed Frameworks */ = {isa = PBXBuildFile; fileRef = 34C6380A1C7FF0F700F23A39 /* Alamofire.framework */; settings = {ATTRIBUTES = (CodeSignOnCopy, RemoveHeadersOnCopy, ); }; };
/* End PBXBuildFile section */

/* Begin PBXContainerItemProxy section */
		34C637EA1C7FED8A00F23A39 /* PBXContainerItemProxy */ = {
			isa = PBXContainerItemProxy;
			containerPortal = 34C637CB1C7FED8900F23A39 /* Project object */;
			proxyType = 1;
			remoteGlobalIDString = 34C637D21C7FED8900F23A39;
			remoteInfo = MyWeather;
		};
		34C637F51C7FED8A00F23A39 /* PBXContainerItemProxy */ = {
			isa = PBXContainerItemProxy;
			containerPortal = 34C637CB1C7FED8900F23A39 /* Project object */;
			proxyType = 1;
			remoteGlobalIDString = 34C637D21C7FED8900F23A39;
			remoteInfo = MyWeather;
		};
/* End PBXContainerItemProxy section */

/* Begin PBXCopyFilesBuildPhase section */
		34C638091C7FF0D900F23A39 /* Embed Frameworks */ = {
			isa = PBXCopyFilesBuildPhase;
			buildActionMask = 2147483647;
			dstPath = "";
			dstSubfolderSpec = 10;
			files = (
				34C638081C7FF0D900F23A39 /* SwiftyJSON.framework in Embed Frameworks */,
				34C6380C1C7FF0F700F23A39 /* Alamofire.framework in Embed Frameworks */,
			);
			name = "Embed Frameworks";
			runOnlyForDeploymentPostprocessing = 0;
		};
/* End PBXCopyFilesBuildPhase section */

/* Begin PBXFileReference section */
		34C637D31C7FED8900F23A39 /* MyWeather.app */ = {isa = PBXFileReference; explicitFileType = wrapper.application; includeInIndex = 0; path = MyWeather.app; sourceTree = BUILT_PRODUCTS_DIR; };
		34C637D61C7FED8900F23A39 /* AppDelegate.swift */ = {isa = PBXFileReference; lastKnownFileType = sourcecode.swift; path = AppDelegate.swift; sourceTree = "<group>"; };
		34C637D81C7FED8900F23A39 /* MasterViewController.swift */ = {isa = PBXFileReference; lastKnownFileType = sourcecode.swift; path = MasterViewController.swift; sourceTree = "<group>"; };
		34C637DA1C7FED8900F23A39 /* DetailViewController.swift */ = {isa = PBXFileReference; lastKnownFileType = sourcecode.swift; path = DetailViewController.swift; sourceTree = "<group>"; };
		34C637DD1C7FED8900F23A39 /* Base */ = {isa = PBXFileReference; lastKnownFileType = file.storyboard; name = Base; path = Base.lproj/Main.storyboard; sourceTree = "<group>"; };
		34C637DF1C7FED8900F23A39 /* Assets.xcassets */ = {isa = PBXFileReference; lastKnownFileType = folder.assetcatalog; path = Assets.xcassets; sourceTree = "<group>"; };
		34C637E21C7FED8900F23A39 /* Base */ = {isa = PBXFileReference; lastKnownFileType = file.storyboard; name = Base; path = Base.lproj/LaunchScreen.storyboard; sourceTree = "<group>"; };
		34C637E41C7FED8900F23A39 /* Info.plist */ = {isa = PBXFileReference; lastKnownFileType = text.plist.xml; path = Info.plist; sourceTree = "<group>"; };
		34C637E91C7FED8900F23A39 /* MyWeatherTests.xctest */ = {isa = PBXFileReference; explicitFileType = wrapper.cfbundle; includeInIndex = 0; path = MyWeatherTests.xctest; sourceTree = BUILT_PRODUCTS_DIR; };
		34C637ED1C7FED8A00F23A39 /* MyWeatherTests.swift */ = {isa = PBXFileReference; lastKnownFileType = sourcecode.swift; path = MyWeatherTests.swift; sourceTree = "<group>"; };
		34C637EF1C7FED8A00F23A39 /* Info.plist */ = {isa = PBXFileReference; lastKnownFileType = text.plist.xml; path = Info.plist; sourceTree = "<group>"; };
		34C637F41C7FED8A00F23A39 /* MyWeatherUITests.xctest */ = {isa = PBXFileReference; explicitFileType = wrapper.cfbundle; includeInIndex = 0; path = MyWeatherUITests.xctest; sourceTree = BUILT_PRODUCTS_DIR; };
		34C637F81C7FED8A00F23A39 /* MyWeatherUITests.swift */ = {isa = PBXFileReference; lastKnownFileType = sourcecode.swift; path = MyWeatherUITests.swift; sourceTree = "<group>"; };
		34C637FA1C7FED8A00F23A39 /* Info.plist */ = {isa = PBXFileReference; lastKnownFileType = text.plist.xml; path = Info.plist; sourceTree = "<group>"; };
		34C638061C7FF0D900F23A39 /* SwiftyJSON.framework */ = {isa = PBXFileReference; lastKnownFileType = wrapper.framework; name = SwiftyJSON.framework; path = Carthage/Build/iOS/SwiftyJSON.framework; sourceTree = "<group>"; };
		34C6380A1C7FF0F700F23A39 /* Alamofire.framework */ = {isa = PBXFileReference; lastKnownFileType = wrapper.framework; name = Alamofire.framework; path = Carthage/Build/iOS/Alamofire.framework; sourceTree = "<group>"; };
/* End PBXFileReference section */

/* Begin PBXFrameworksBuildPhase section */
		34C637D01C7FED8900F23A39 /* Frameworks */ = {
			isa = PBXFrameworksBuildPhase;
			buildActionMask = 2147483647;
			files = (
				34C638071C7FF0D900F23A39 /* SwiftyJSON.framework in Frameworks */,
				34C6380B1C7FF0F700F23A39 /* Alamofire.framework in Frameworks */,
			);
			runOnlyForDeploymentPostprocessing = 0;
		};
		34C637E61C7FED8900F23A39 /* Frameworks */ = {
			isa = PBXFrameworksBuildPhase;
			buildActionMask = 2147483647;
			files = (
			);
			runOnlyForDeploymentPostprocessing = 0;
		};
		34C637F11C7FED8A00F23A39 /* Frameworks */ = {
			isa = PBXFrameworksBuildPhase;
			buildActionMask = 2147483647;
			files = (
			);
			runOnlyForDeploymentPostprocessing = 0;
		};
/* End PBXFrameworksBuildPhase section */

/* Begin PBXGroup section */
		34C637CA1C7FED8900F23A39 = {
			isa = PBXGroup;
			children = (
				34C637D51C7FED8900F23A39 /* MyWeather */,
				34C637EC1C7FED8A00F23A39 /* MyWeatherTests */,
				34C637F71C7FED8A00F23A39 /* MyWeatherUITests */,
				34C637D41C7FED8900F23A39 /* Products */,
				34C6380A1C7FF0F700F23A39 /* Alamofire.framework */,
				34C638061C7FF0D900F23A39 /* SwiftyJSON.framework */,
			);
			sourceTree = "<group>";
		};
		34C637D41C7FED8900F23A39 /* Products */ = {
			isa = PBXGroup;
			children = (
				34C637D31C7FED8900F23A39 /* MyWeather.app */,
				34C637E91C7FED8900F23A39 /* MyWeatherTests.xctest */,
				34C637F41C7FED8A00F23A39 /* MyWeatherUITests.xctest */,
			);
			name = Products;
			sourceTree = "<group>";
		};
		34C637D51C7FED8900F23A39 /* MyWeather */ = {
			isa = PBXGroup;
			children = (
				34C637E11C7FED8900F23A39 /* LaunchScreen.storyboard */,
				34C637DC1C7FED8900F23A39 /* Main.storyboard */,
				34C637D61C7FED8900F23A39 /* AppDelegate.swift */,
				34C637D81C7FED8900F23A39 /* MasterViewController.swift */,
				34C637DA1C7FED8900F23A39 /* DetailViewController.swift */,
				34C637DF1C7FED8900F23A39 /* Assets.xcassets */,
				34C637E41C7FED8900F23A39 /* Info.plist */,
			);
			path = MyWeather;
			sourceTree = "<group>";
		};
		34C637EC1C7FED8A00F23A39 /* MyWeatherTests */ = {
			isa = PBXGroup;
			children = (
				34C637ED1C7FED8A00F23A39 /* MyWeatherTests.swift */,
				34C637EF1C7FED8A00F23A39 /* Info.plist */,
			);
			path = MyWeatherTests;
			sourceTree = "<group>";
		};
		34C637F71C7FED8A00F23A39 /* MyWeatherUITests */ = {
			isa = PBXGroup;
			children = (
				34C637F81C7FED8A00F23A39 /* MyWeatherUITests.swift */,
				34C637FA1C7FED8A00F23A39 /* Info.plist */,
			);
			path = MyWeatherUITests;
			sourceTree = "<group>";
		};
/* End PBXGroup section */

/* Begin PBXNativeTarget section */
		34C637D21C7FED8900F23A39 /* MyWeather */ = {
			isa = PBXNativeTarget;
			buildConfigurationList = 34C637FD1C7FED8A00F23A39 /* Build configuration list for PBXNativeTarget "MyWeather" */;
			buildPhases = (
				34C637CF1C7FED8900F23A39 /* Sources */,
				34C637D01C7FED8900F23A39 /* Frameworks */,
				34C637D11C7FED8900F23A39 /* Resources */,
				34C638091C7FF0D900F23A39 /* Embed Frameworks */,
				34C6380D1C7FF17800F23A39 /* ShellScript */,
			);
			buildRules = (
			);
			dependencies = (
			);
			name = MyWeather;
			productName = MyWeather;
			productReference = 34C637D31C7FED8900F23A39 /* MyWeather.app */;
			productType = "com.apple.product-type.application";
		};
		34C637E81C7FED8900F23A39 /* MyWeatherTests */ = {
			isa = PBXNativeTarget;
			buildConfigurationList = 34C638001C7FED8A00F23A39 /* Build configuration list for PBXNativeTarget "MyWeatherTests" */;
			buildPhases = (
				34C637E51C7FED8900F23A39 /* Sources */,
				34C637E61C7FED8900F23A39 /* Frameworks */,
				34C637E71C7FED8900F23A39 /* Resources */,
			);
			buildRules = (
			);
			dependencies = (
				34C637EB1C7FED8A00F23A39 /* PBXTargetDependency */,
			);
			name = MyWeatherTests;
			productName = MyWeatherTests;
			productReference = 34C637E91C7FED8900F23A39 /* MyWeatherTests.xctest */;
			productType = "com.apple.product-type.bundle.unit-test";
		};
		34C637F31C7FED8A00F23A39 /* MyWeatherUITests */ = {
			isa = PBXNativeTarget;
			buildConfigurationList = 34C638031C7FED8A00F23A39 /* Build configuration list for PBXNativeTarget "MyWeatherUITests" */;
			buildPhases = (
				34C637F01C7FED8A00F23A39 /* Sources */,
				34C637F11C7FED8A00F23A39 /* Frameworks */,
				34C637F21C7FED8A00F23A39 /* Resources */,
			);
			buildRules = (
			);
			dependencies = (
				34C637F61C7FED8A00F23A39 /* PBXTargetDependency */,
			);
			name = MyWeatherUITests;
			productName = MyWeatherUITests;
			productReference = 34C637F41C7FED8A00F23A39 /* MyWeatherUITests.xctest */;
			productType = "com.apple.product-type.bundle.ui-testing";
		};
/* End PBXNativeTarget section */

/* Begin PBXProject section */
		34C637CB1C7FED8900F23A39 /* Project object */ = {
			isa = PBXProject;
			attributes = {
				LastSwiftUpdateCheck = 0720;
				LastUpgradeCheck = 0720;
				ORGANIZATIONNAME = "Clayton Harper";
				TargetAttributes = {
					34C637D21C7FED8900F23A39 = {
						CreatedOnToolsVersion = 7.2.1;
						DevelopmentTeam = MS7RXAM9UP;
					};
					34C637E81C7FED8900F23A39 = {
						CreatedOnToolsVersion = 7.2.1;
						DevelopmentTeam = MS7RXAM9UP;
						TestTargetID = 34C637D21C7FED8900F23A39;
					};
					34C637F31C7FED8A00F23A39 = {
						CreatedOnToolsVersion = 7.2.1;
						DevelopmentTeam = MS7RXAM9UP;
						TestTargetID = 34C637D21C7FED8900F23A39;
					};
				};
			};
			buildConfigurationList = 34C637CE1C7FED8900F23A39 /* Build configuration list for PBXProject "MyWeather" */;
			compatibilityVersion = "Xcode 3.2";
			developmentRegion = English;
			hasScannedForEncodings = 0;
			knownRegions = (
				en,
				Base,
			);
			mainGroup = 34C637CA1C7FED8900F23A39;
			productRefGroup = 34C637D41C7FED8900F23A39 /* Products */;
			projectDirPath = "";
			projectRoot = "";
			targets = (
				34C637D21C7FED8900F23A39 /* MyWeather */,
				34C637E81C7FED8900F23A39 /* MyWeatherTests */,
				34C637F31C7FED8A00F23A39 /* MyWeatherUITests */,
			);
		};
/* End PBXProject section */

/* Begin PBXResourcesBuildPhase section */
		34C637D11C7FED8900F23A39 /* Resources */ = {
			isa = PBXResourcesBuildPhase;
			buildActionMask = 2147483647;
			files = (
				34C637E31C7FED8900F23A39 /* LaunchScreen.storyboard in Resources */,
				34C637E01C7FED8900F23A39 /* Assets.xcassets in Resources */,
				34C637DE1C7FED8900F23A39 /* Main.storyboard in Resources */,
			);
			runOnlyForDeploymentPostprocessing = 0;
		};
		34C637E71C7FED8900F23A39 /* Resources */ = {
			isa = PBXResourcesBuildPhase;
			buildActionMask = 2147483647;
			files = (
			);
			runOnlyForDeploymentPostprocessing = 0;
		};
		34C637F21C7FED8A00F23A39 /* Resources */ = {
			isa = PBXResourcesBuildPhase;
			buildActionMask = 2147483647;
			files = (
			);
			runOnlyForDeploymentPostprocessing = 0;
		};
/* End PBXResourcesBuildPhase section */

/* Begin PBXShellScriptBuildPhase section */
		34C6380D1C7FF17800F23A39 /* ShellScript */ = {
			isa = PBXShellScriptBuildPhase;
			buildActionMask = 2147483647;
			files = (
			);
			inputPaths = (
				"$(SRCROOT)/Carthage/Build/iOS/SwiftJson.framework",
				"$(SRCROOT)/Cathage/Build/iOS/Alamofire.framework",
			);
			outputPaths = (
			);
			runOnlyForDeploymentPostprocessing = 0;
			shellPath = /bin/sh;
			shellScript = "/usr/local/bin/carthage copy-frameworks\n";
		};
/* End PBXShellScriptBuildPhase section */

/* Begin PBXSourcesBuildPhase section */
		34C637CF1C7FED8900F23A39 /* Sources */ = {
			isa = PBXSourcesBuildPhase;
			buildActionMask = 2147483647;
			files = (
				34C637DB1C7FED8900F23A39 /* DetailViewController.swift in Sources */,
				34C637D91C7FED8900F23A39 /* MasterViewController.swift in Sources */,
				34C637D71C7FED8900F23A39 /* AppDelegate.swift in Sources */,
			);
			runOnlyForDeploymentPostprocessing = 0;
		};
		34C637E51C7FED8900F23A39 /* Sources */ = {
			isa = PBXSourcesBuildPhase;
			buildActionMask = 2147483647;
			files = (
				34C637EE1C7FED8A00F23A39 /* MyWeatherTests.swift in Sources */,
			);
			runOnlyForDeploymentPostprocessing = 0;
		};
		34C637F01C7FED8A00F23A39 /* Sources */ = {
			isa = PBXSourcesBuildPhase;
			buildActionMask = 2147483647;
			files = (
				34C637F91C7FED8A00F23A39 /* MyWeatherUITests.swift in Sources */,
			);
			runOnlyForDeploymentPostprocessing = 0;
		};
/* End PBXSourcesBuildPhase section */

/* Begin PBXTargetDependency section */
		34C637EB1C7FED8A00F23A39 /* PBXTargetDependency */ = {
			isa = PBXTargetDependency;
			target = 34C637D21C7FED8900F23A39 /* MyWeather */;
			targetProxy = 34C637EA1C7FED8A00F23A39 /* PBXContainerItemProxy */;
		};
		34C637F61C7FED8A00F23A39 /* PBXTargetDependency */ = {
			isa = PBXTargetDependency;
			target = 34C637D21C7FED8900F23A39 /* MyWeather */;
			targetProxy = 34C637F51C7FED8A00F23A39 /* PBXContainerItemProxy */;
		};
/* End PBXTargetDependency section */

/* Begin PBXVariantGroup section */
		34C637DC1C7FED8900F23A39 /* Main.storyboard */ = {
			isa = PBXVariantGroup;
			children = (
				34C637DD1C7FED8900F23A39 /* Base */,
			);
			name = Main.storyboard;
			sourceTree = "<group>";
		};
		34C637E11C7FED8900F23A39 /* LaunchScreen.storyboard */ = {
			isa = PBXVariantGroup;
			children = (
				34C637E21C7FED8900F23A39 /* Base */,
			);
			name = LaunchScreen.storyboard;
			sourceTree = "<group>";
		};
/* End PBXVariantGroup section */

/* Begin XCBuildConfiguration section */
		34C637FB1C7FED8A00F23A39 /* Debug */ = {
			isa = XCBuildConfiguration;
			buildSettings = {
				ALWAYS_SEARCH_USER_PATHS = NO;
				CLANG_CXX_LANGUAGE_STANDARD = "gnu++0x";
				CLANG_CXX_LIBRARY = "libc++";
				CLANG_ENABLE_MODULES = YES;
				CLANG_ENABLE_OBJC_ARC = YES;
				CLANG_WARN_BOOL_CONVERSION = YES;
				CLANG_WARN_CONSTANT_CONVERSION = YES;
				CLANG_WARN_DIRECT_OBJC_ISA_USAGE = YES_ERROR;
				CLANG_WARN_EMPTY_BODY = YES;
				CLANG_WARN_ENUM_CONVERSION = YES;
				CLANG_WARN_INT_CONVERSION = YES;
				CLANG_WARN_OBJC_ROOT_CLASS = YES_ERROR;
				CLANG_WARN_UNREACHABLE_CODE = YES;
				CLANG_WARN__DUPLICATE_METHOD_MATCH = YES;
				"CODE_SIGN_IDENTITY[sdk=iphoneos*]" = "iPhone Developer";
				COPY_PHASE_STRIP = NO;
				DEBUG_INFORMATION_FORMAT = dwarf;
				ENABLE_STRICT_OBJC_MSGSEND = YES;
				ENABLE_TESTABILITY = YES;
				GCC_C_LANGUAGE_STANDARD = gnu99;
				GCC_DYNAMIC_NO_PIC = NO;
				GCC_NO_COMMON_BLOCKS = YES;
				GCC_OPTIMIZATION_LEVEL = 0;
				GCC_PREPROCESSOR_DEFINITIONS = (
					"DEBUG=1",
					"$(inherited)",
				);
				GCC_WARN_64_TO_32_BIT_CONVERSION = YES;
				GCC_WARN_ABOUT_RETURN_TYPE = YES_ERROR;
				GCC_WARN_UNDECLARED_SELECTOR = YES;
				GCC_WARN_UNINITIALIZED_AUTOS = YES_AGGRESSIVE;
				GCC_WARN_UNUSED_FUNCTION = YES;
				GCC_WARN_UNUSED_VARIABLE = YES;
				IPHONEOS_DEPLOYMENT_TARGET = 9.2;
				MTL_ENABLE_DEBUG_INFO = YES;
				ONLY_ACTIVE_ARCH = YES;
				SDKROOT = iphoneos;
				SWIFT_OPTIMIZATION_LEVEL = "-Onone";
				TARGETED_DEVICE_FAMILY = "1,2";
			};
			name = Debug;
		};
		34C637FC1C7FED8A00F23A39 /* Release */ = {
			isa = XCBuildConfiguration;
			buildSettings = {
				ALWAYS_SEARCH_USER_PATHS = NO;
				CLANG_CXX_LANGUAGE_STANDARD = "gnu++0x";
				CLANG_CXX_LIBRARY = "libc++";
				CLANG_ENABLE_MODULES = YES;
				CLANG_ENABLE_OBJC_ARC = YES;
				CLANG_WARN_BOOL_CONVERSION = YES;
				CLANG_WARN_CONSTANT_CONVERSION = YES;
				CLANG_WARN_DIRECT_OBJC_ISA_USAGE = YES_ERROR;
				CLANG_WARN_EMPTY_BODY = YES;
				CLANG_WARN_ENUM_CONVERSION = YES;
				CLANG_WARN_INT_CONVERSION = YES;
				CLANG_WARN_OBJC_ROOT_CLASS = YES_ERROR;
				CLANG_WARN_UNREACHABLE_CODE = YES;
				CLANG_WARN__DUPLICATE_METHOD_MATCH = YES;
				"CODE_SIGN_IDENTITY[sdk=iphoneos*]" = "iPhone Developer";
				COPY_PHASE_STRIP = NO;
				DEBUG_INFORMATION_FORMAT = "dwarf-with-dsym";
				ENABLE_NS_ASSERTIONS = NO;
				ENABLE_STRICT_OBJC_MSGSEND = YES;
				GCC_C_LANGUAGE_STANDARD = gnu99;
				GCC_NO_COMMON_BLOCKS = YES;
				GCC_WARN_64_TO_32_BIT_CONVERSION = YES;
				GCC_WARN_ABOUT_RETURN_TYPE = YES_ERROR;
				GCC_WARN_UNDECLARED_SELECTOR = YES;
				GCC_WARN_UNINITIALIZED_AUTOS = YES_AGGRESSIVE;
				GCC_WARN_UNUSED_FUNCTION = YES;
				GCC_WARN_UNUSED_VARIABLE = YES;
				IPHONEOS_DEPLOYMENT_TARGET = 9.2;
				MTL_ENABLE_DEBUG_INFO = NO;
				SDKROOT = iphoneos;
				TARGETED_DEVICE_FAMILY = "1,2";
				VALIDATE_PRODUCT = YES;
			};
			name = Release;
		};
		34C637FE1C7FED8A00F23A39 /* Debug */ = {
			isa = XCBuildConfiguration;
			buildSettings = {
				ASSETCATALOG_COMPILER_APPICON_NAME = AppIcon;
				FRAMEWORK_SEARCH_PATHS = (
					"$(inherited)",
					"$(PROJECT_DIR)/Carthage/Build/iOS",
				);
				INFOPLIST_FILE = MyWeather/Info.plist;
				LD_RUNPATH_SEARCH_PATHS = "$(inherited) @executable_path/Frameworks";
				PRODUCT_BUNDLE_IDENTIFIER = com.ctharper.MyWeather;
				PRODUCT_NAME = "$(TARGET_NAME)";
			};
			name = Debug;
		};
		34C637FF1C7FED8A00F23A39 /* Release */ = {
			isa = XCBuildConfiguration;
			buildSettings = {
				ASSETCATALOG_COMPILER_APPICON_NAME = AppIcon;
				FRAMEWORK_SEARCH_PATHS = (
					"$(inherited)",
					"$(PROJECT_DIR)/Carthage/Build/iOS",
				);
				INFOPLIST_FILE = MyWeather/Info.plist;
				LD_RUNPATH_SEARCH_PATHS = "$(inherited) @executable_path/Frameworks";
				PRODUCT_BUNDLE_IDENTIFIER = com.ctharper.MyWeather;
				PRODUCT_NAME = "$(TARGET_NAME)";
			};
			name = Release;
		};
		34C638011C7FED8A00F23A39 /* Debug */ = {
			isa = XCBuildConfiguration;
			buildSettings = {
				BUNDLE_LOADER = "$(TEST_HOST)";
				INFOPLIST_FILE = MyWeatherTests/Info.plist;
				LD_RUNPATH_SEARCH_PATHS = "$(inherited) @executable_path/Frameworks @loader_path/Frameworks";
				PRODUCT_BUNDLE_IDENTIFIER = com.ctharper.MyWeatherTests;
				PRODUCT_NAME = "$(TARGET_NAME)";
				TEST_HOST = "$(BUILT_PRODUCTS_DIR)/MyWeather.app/MyWeather";
			};
			name = Debug;
		};
		34C638021C7FED8A00F23A39 /* Release */ = {
			isa = XCBuildConfiguration;
			buildSettings = {
				BUNDLE_LOADER = "$(TEST_HOST)";
				INFOPLIST_FILE = MyWeatherTests/Info.plist;
				LD_RUNPATH_SEARCH_PATHS = "$(inherited) @executable_path/Frameworks @loader_path/Frameworks";
				PRODUCT_BUNDLE_IDENTIFIER = com.ctharper.MyWeatherTests;
				PRODUCT_NAME = "$(TARGET_NAME)";
				TEST_HOST = "$(BUILT_PRODUCTS_DIR)/MyWeather.app/MyWeather";
			};
			name = Release;
		};
		34C638041C7FED8A00F23A39 /* Debug */ = {
			isa = XCBuildConfiguration;
			buildSettings = {
				INFOPLIST_FILE = MyWeatherUITests/Info.plist;
				LD_RUNPATH_SEARCH_PATHS = "$(inherited) @executable_path/Frameworks @loader_path/Frameworks";
				PRODUCT_BUNDLE_IDENTIFIER = com.ctharper.MyWeatherUITests;
				PRODUCT_NAME = "$(TARGET_NAME)";
				TEST_TARGET_NAME = MyWeather;
				USES_XCTRUNNER = YES;
			};
			name = Debug;
		};
		34C638051C7FED8A00F23A39 /* Release */ = {
			isa = XCBuildConfiguration;
			buildSettings = {
				INFOPLIST_FILE = MyWeatherUITests/Info.plist;
				LD_RUNPATH_SEARCH_PATHS = "$(inherited) @executable_path/Frameworks @loader_path/Frameworks";
				PRODUCT_BUNDLE_IDENTIFIER = com.ctharper.MyWeatherUITests;
				PRODUCT_NAME = "$(TARGET_NAME)";
				TEST_TARGET_NAME = MyWeather;
				USES_XCTRUNNER = YES;
			};
			name = Release;
		};
/* End XCBuildConfiguration section */

/* Begin XCConfigurationList section */
		34C637CE1C7FED8900F23A39 /* Build configuration list for PBXProject "MyWeather" */ = {
			isa = XCConfigurationList;
			buildConfigurations = (
				34C637FB1C7FED8A00F23A39 /* Debug */,
				34C637FC1C7FED8A00F23A39 /* Release */,
			);
			defaultConfigurationIsVisible = 0;
			defaultConfigurationName = Release;
		};
		34C637FD1C7FED8A00F23A39 /* Build configuration list for PBXNativeTarget "MyWeather" */ = {
			isa = XCConfigurationList;
			buildConfigurations = (
				34C637FE1C7FED8A00F23A39 /* Debug */,
				34C637FF1C7FED8A00F23A39 /* Release */,
			);
			defaultConfigurationIsVisible = 0;
		};
		34C638001C7FED8A00F23A39 /* Build configuration list for PBXNativeTarget "MyWeatherTests" */ = {
			isa = XCConfigurationList;
			buildConfigurations = (
				34C638011C7FED8A00F23A39 /* Debug */,
				34C638021C7FED8A00F23A39 /* Release */,
			);
			defaultConfigurationIsVisible = 0;
		};
		34C638031C7FED8A00F23A39 /* Build configuration list for PBXNativeTarget "MyWeatherUITests" */ = {
			isa = XCConfigurationList;
			buildConfigurations = (
				34C638041C7FED8A00F23A39 /* Debug */,
				34C638051C7FED8A00F23A39 /* Release */,
			);
			defaultConfigurationIsVisible = 0;
		};
/* End XCConfigurationList section */
	};
	rootObject = 34C637CB1C7FED8900F23A39 /* Project object */;
}
